
Microsoft Visual Studio Solution File, Format Version 12.00
# Visual Studio Version 17
VisualStudioVersion = 17.1.32228.430
MinimumVisualStudioVersion = 10.0.40219.1
Project("{9A19103F-16F7-4668-BE54-9A1E7A4F7556}") = "KampIntro", "KampIntro\KampIntro.csproj", "{0377E978-3575-4263-B5C6-99962BBEFB63}"
EndProject
Project("{9A19103F-16F7-4668-BE54-9A1E7A4F7556}") = "Donguler", "Donguler\Donguler.csproj", "{AF444A9B-B85B-4490-809C-B9F0E5CA9AF5}"
EndProject
Project("{9A19103F-16F7-4668-BE54-9A1E7A4F7556}") = "ClassIntro", "ClassIntro\ClassIntro.csproj", "{195D3A0C-69D5-484B-AD39-3BB114E05CD2}"
EndProject
Project("{9A19103F-16F7-4668-BE54-9A1E7A4F7556}") = "Metotlar", "Metotlar\Metotlar.csproj", "{6BD84DD4-A5A8-4CA2-A35D-4A2DCC59D594}"
EndProject
Project("{9A19103F-16F7-4668-BE54-9A1E7A4F7556}") = "Matematik", "Matematik\Matematik.csproj", "{648097C0-B437-4A41-B189-53506D283C61}"
EndProject
Project("{9A19103F-16F7-4668-BE54-9A1E7A4F7556}") = "DegerVeRefansTipler", "DegerVeRefansTipler\DegerVeRefansTipler.csproj", "{0635FDA9-4B7A-453A-A480-8C0B28F0E209}"
EndProject
Project("{9A19103F-16F7-4668-BE54-9A1E7A4F7556}") = "OOP1", "OOP1\OOP1.csproj", "{6628F0F1-1D9F-4F6D-A21A-119036531F91}"
EndProject
Project("{9A19103F-16F7-4668-BE54-9A1E7A4F7556}") = "Koleksiyonlar", "Koleksiyonlar\Koleksiyonlar.csproj", "{00B7C669-2FD0-4269-8C04-5880D2BE2392}"
EndProject
Project("{9A19103F-16F7-4668-BE54-9A1E7A4F7556}") = "GenericsIntro", "GenericsIntro\GenericsIntro.csproj", "{8294CBBF-44A2-4D57-83A6-667324C6D1A1}"
EndProject
Project("{FAE04EC0-301F-11D3-BF4B-00C04F79EFBC}") = "OOP2", "OOP2\OOP2.csproj", "{7C759919-8473-4114-A94D-E219BEC4244B}"
EndProject
Project("{FAE04EC0-301F-11D3-BF4B-00C04F79EFBC}") = "OOP3", "OOP3\OOP3.csproj", "{72111424-3036-4A6F-8F27-4C1C18FF1F99}"
EndProject
Global
	GlobalSection(SolutionConfigurationPlatforms) = preSolution
		Debug|Any CPU = Debug|Any CPU
		Release|Any CPU = Release|Any CPU
	EndGlobalSection
	GlobalSection(ProjectConfigurationPlatforms) = postSolution
		{0377E978-3575-4263-B5C6-99962BBEFB63}.Debug|Any CPU.ActiveCfg = Debug|Any CPU
		{0377E978-3575-4263-B5C6-99962BBEFB63}.Debug|Any CPU.Build.0 = Debug|Any CPU
		{0377E978-3575-4263-B5C6-99962BBEFB63}.Release|Any CPU.ActiveCfg = Release|Any CPU
		{0377E978-3575-4263-B5C6-99962BBEFB63}.Release|Any CPU.Build.0 = Release|Any CPU
		{AF444A9B-B85B-4490-809C-B9F0E5CA9AF5}.Debug|Any CPU.ActiveCfg = Debug|Any CPU
		{AF444A9B-B85B-4490-809C-B9F0E5CA9AF5}.Debug|Any CPU.Build.0 = Debug|Any CPU
		{AF444A9B-B85B-4490-809C-B9F0E5CA9AF5}.Release|Any CPU.ActiveCfg = Release|Any CPU
		{AF444A9B-B85B-4490-809C-B9F0E5CA9AF5}.Release|Any CPU.Build.0 = Release|Any CPU
		{195D3A0C-69D5-484B-AD39-3BB114E05CD2}.Debug|Any CPU.ActiveCfg = Debug|Any CPU
		{195D3A0C-69D5-484B-AD39-3BB114E05CD2}.Debug|Any CPU.Build.0 = Debug|Any CPU
		{195D3A0C-69D5-484B-AD39-3BB114E05CD2}.Release|Any CPU.ActiveCfg = Release|Any CPU
		{195D3A0C-69D5-484B-AD39-3BB114E05CD2}.Release|Any CPU.Build.0 = Release|Any CPU
		{6BD84DD4-A5A8-4CA2-A35D-4A2DCC59D594}.Debug|Any CPU.ActiveCfg = Debug|Any CPU
		{6BD84DD4-A5A8-4CA2-A35D-4A2DCC59D594}.Debug|Any CPU.Build.0 = Debug|Any CPU
		{6BD84DD4-A5A8-4CA2-A35D-4A2DCC59D594}.Release|Any CPU.ActiveCfg = Release|Any CPU
		{6BD84DD4-A5A8-4CA2-A35D-4A2DCC59D594}.Release|Any CPU.Build.0 = Release|Any CPU
		{648097C0-B437-4A41-B189-53506D283C61}.Debug|Any CPU.ActiveCfg = Debug|Any CPU
		{648097C0-B437-4A41-B189-53506D283C61}.Debug|Any CPU.Build.0 = Debug|Any CPU
		{648097C0-B437-4A41-B189-53506D283C61}.Release|Any CPU.ActiveCfg = Release|Any CPU
		{648097C0-B437-4A41-B189-53506D283C61}.Release|Any CPU.Build.0 = Release|Any CPU
		{0635FDA9-4B7A-453A-A480-8C0B28F0E209}.Debug|Any CPU.ActiveCfg = Debug|Any CPU
		{0635FDA9-4B7A-453A-A480-8C0B28F0E209}.Debug|Any CPU.Build.0 = Debug|Any CPU
		{0635FDA9-4B7A-453A-A480-8C0B28F0E209}.Release|Any CPU.ActiveCfg = Release|Any CPU
		{0635FDA9-4B7A-453A-A480-8C0B28F0E209}.Release|Any CPU.Build.0 = Release|Any CPU
		{6628F0F1-1D9F-4F6D-A21A-119036531F91}.Debug|Any CPU.ActiveCfg = Debug|Any CPU
		{6628F0F1-1D9F-4F6D-A21A-119036531F91}.Debug|Any CPU.Build.0 = Debug|Any CPU
		{6628F0F1-1D9F-4F6D-A21A-119036531F91}.Release|Any CPU.ActiveCfg = Release|Any CPU
		{6628F0F1-1D9F-4F6D-A21A-119036531F91}.Release|Any CPU.Build.0 = Release|Any CPU
		{00B7C669-2FD0-4269-8C04-5880D2BE2392}.Debug|Any CPU.ActiveCfg = Debug|Any CPU
		{00B7C669-2FD0-4269-8C04-5880D2BE2392}.Debug|Any CPU.Build.0 = Debug|Any CPU
		{00B7C669-2FD0-4269-8C04-5880D2BE2392}.Release|Any CPU.ActiveCfg = Release|Any CPU
		{00B7C669-2FD0-4269-8C04-5880D2BE2392}.Release|Any CPU.Build.0 = Release|Any CPU
		{8294CBBF-44A2-4D57-83A6-667324C6D1A1}.Debug|Any CPU.ActiveCfg = Debug|Any CPU
		{8294CBBF-44A2-4D57-83A6-667324C6D1A1}.Debug|Any CPU.Build.0 = Debug|Any CPU
		{8294CBBF-44A2-4D57-83A6-667324C6D1A1}.Release|Any CPU.ActiveCfg = Release|Any CPU
		{8294CBBF-44A2-4D57-83A6-667324C6D1A1}.Release|Any CPU.Build.0 = Release|Any CPU
		{7C759919-8473-4114-A94D-E219BEC4244B}.Debug|Any CPU.ActiveCfg = Debug|Any CPU
		{7C759919-8473-4114-A94D-E219BEC4244B}.Debug|Any CPU.Build.0 = Debug|Any CPU
		{7C759919-8473-4114-A94D-E219BEC4244B}.Release|Any CPU.ActiveCfg = Release|Any CPU
		{7C759919-8473-4114-A94D-E219BEC4244B}.Release|Any CPU.Build.0 = Release|Any CPU
		{72111424-3036-4A6F-8F27-4C1C18FF1F99}.Debug|Any CPU.ActiveCfg = Debug|Any CPU
		{72111424-3036-4A6F-8F27-4C1C18FF1F99}.Debug|Any CPU.Build.0 = Debug|Any CPU
		{72111424-3036-4A6F-8F27-4C1C18FF1F99}.Release|Any CPU.ActiveCfg = Release|Any CPU
		{72111424-3036-4A6F-8F27-4C1C18FF1F99}.Release|Any CPU.Build.0 = Release|Any CPU
	EndGlobalSection
	GlobalSection(SolutionProperties) = preSolution
		HideSolutionNode = FALSE
	EndGlobalSection
	GlobalSection(ExtensibilityGlobals) = postSolution
		SolutionGuid = {7A4F99D9-FC73-49CE-B97B-77EBDC98FE18}
	EndGlobalSection
EndGlobal
